
Microsoft Visual Studio Solution File, Format Version 12.00
Project("{FAE04EC0-301F-11D3-BF4B-00C04F79EFBC}") = "IoTEdgeRaspberryPiCamera", "modules\IoTEdgeRaspberryPiCamera\IoTEdgeRaspberryPiCamera.csproj", "{ADE47E9B-65AF-4FB6-9495-AA61E1F6D33C}"
EndProject
Project("{FAE04EC0-301F-11D3-BF4B-00C04F79EFBC}") = "IoTEdgeRaspberryPiCamera.Test", "IoTEdgeRaspberryPiCamera.Test\IoTEdgeRaspberryPiCamera.Test.csproj", "{B1AC12CF-32E9-4B89-BD9D-BBC0013F3E36}"
EndProject
Global
	GlobalSection(SolutionConfigurationPlatforms) = preSolution
		Debug|Any CPU = Debug|Any CPU
		Release|Any CPU = Release|Any CPU
	EndGlobalSection
	GlobalSection(ProjectConfigurationPlatforms) = postSolution
		{ADE47E9B-65AF-4FB6-9495-AA61E1F6D33C}.Debug|Any CPU.ActiveCfg = Debug|Any CPU
		{ADE47E9B-65AF-4FB6-9495-AA61E1F6D33C}.Debug|Any CPU.Build.0 = Debug|Any CPU
		{ADE47E9B-65AF-4FB6-9495-AA61E1F6D33C}.Release|Any CPU.ActiveCfg = Release|Any CPU
		{ADE47E9B-65AF-4FB6-9495-AA61E1F6D33C}.Release|Any CPU.Build.0 = Release|Any CPU
		{B1AC12CF-32E9-4B89-BD9D-BBC0013F3E36}.Debug|Any CPU.ActiveCfg = Debug|Any CPU
		{B1AC12CF-32E9-4B89-BD9D-BBC0013F3E36}.Debug|Any CPU.Build.0 = Debug|Any CPU
		{B1AC12CF-32E9-4B89-BD9D-BBC0013F3E36}.Release|Any CPU.ActiveCfg = Release|Any CPU
		{B1AC12CF-32E9-4B89-BD9D-BBC0013F3E36}.Release|Any CPU.Build.0 = Release|Any CPU
	EndGlobalSection
EndGlobal
